// !$*UTF8*$!
{
	archiveVersion = 1;
	classes = {
	};
	objectVersion = 56;
	objects = {

/* Begin PBXBuildFile section */
		4F02CFC12C83480E005E3642 /* main.c in Sources */ = {isa = PBXBuildFile; fileRef = 4F02CFC02C83480E005E3642 /* main.c */; };
		4F02CFCE2C83485C005E3642 /* main.c in Sources */ = {isa = PBXBuildFile; fileRef = 4F02CFCD2C83485C005E3642 /* main.c */; };
		4F02CFD92C83486F005E3642 /* main.c in Sources */ = {isa = PBXBuildFile; fileRef = 4F02CFD82C83486F005E3642 /* main.c */; };
		4F02CFE42C8359D7005E3642 /* main.c in Sources */ = {isa = PBXBuildFile; fileRef = 4F02CFE32C8359D7005E3642 /* main.c */; };
/* End PBXBuildFile section */

/* Begin PBXCopyFilesBuildPhase section */
		4F02CFBB2C83480E005E3642 /* CopyFiles */ = {
			isa = PBXCopyFilesBuildPhase;
			buildActionMask = 2147483647;
			dstPath = /usr/share/man/man1/;
			dstSubfolderSpec = 0;
			files = (
			);
			runOnlyForDeploymentPostprocessing = 1;
		};
		4F02CFC92C83485C005E3642 /* CopyFiles */ = {
			isa = PBXCopyFilesBuildPhase;
			buildActionMask = 2147483647;
			dstPath = /usr/share/man/man1/;
			dstSubfolderSpec = 0;
			files = (
			);
			runOnlyForDeploymentPostprocessing = 1;
		};
		4F02CFD42C83486F005E3642 /* CopyFiles */ = {
			isa = PBXCopyFilesBuildPhase;
			buildActionMask = 2147483647;
			dstPath = /usr/share/man/man1/;
			dstSubfolderSpec = 0;
			files = (
			);
			runOnlyForDeploymentPostprocessing = 1;
		};
		4F02CFDF2C8359D7005E3642 /* CopyFiles */ = {
			isa = PBXCopyFilesBuildPhase;
			buildActionMask = 2147483647;
			dstPath = /usr/share/man/man1/;
			dstSubfolderSpec = 0;
			files = (
			);
			runOnlyForDeploymentPostprocessing = 1;
		};
/* End PBXCopyFilesBuildPhase section */

/* Begin PBXFileReference section */
		4F02CFBD2C83480E005E3642 /* HelloPtrace */ = {isa = PBXFileReference; explicitFileType = "compiled.mach-o.executable"; includeInIndex = 0; path = HelloPtrace; sourceTree = BUILT_PRODUCTS_DIR; };
		4F02CFC02C83480E005E3642 /* main.c */ = {isa = PBXFileReference; lastKnownFileType = sourcecode.c.c; path = main.c; sourceTree = "<group>"; };
		4F02CFCB2C83485C005E3642 /* simple_tracer */ = {isa = PBXFileReference; explicitFileType = "compiled.mach-o.executable"; includeInIndex = 0; path = simple_tracer; sourceTree = BUILT_PRODUCTS_DIR; };
		4F02CFCD2C83485C005E3642 /* main.c */ = {isa = PBXFileReference; lastKnownFileType = sourcecode.c.c; path = main.c; sourceTree = "<group>"; };
		4F02CFD62C83486F005E3642 /* traced_helloworld */ = {isa = PBXFileReference; explicitFileType = "compiled.mach-o.executable"; includeInIndex = 0; path = traced_helloworld; sourceTree = BUILT_PRODUCTS_DIR; };
		4F02CFD82C83486F005E3642 /* main.c */ = {isa = PBXFileReference; lastKnownFileType = sourcecode.c.c; path = main.c; sourceTree = "<group>"; };
		4F02CFE12C8359D7005E3642 /* trace_pid */ = {isa = PBXFileReference; explicitFileType = "compiled.mach-o.executable"; includeInIndex = 0; path = trace_pid; sourceTree = BUILT_PRODUCTS_DIR; };
		4F02CFE32C8359D7005E3642 /* main.c */ = {isa = PBXFileReference; lastKnownFileType = sourcecode.c.c; path = main.c; sourceTree = "<group>"; };
/* End PBXFileReference section */

/* Begin PBXFrameworksBuildPhase section */
		4F02CFBA2C83480E005E3642 /* Frameworks */ = {
			isa = PBXFrameworksBuildPhase;
			buildActionMask = 2147483647;
			files = (
			);
			runOnlyForDeploymentPostprocessing = 0;
		};
		4F02CFC82C83485C005E3642 /* Frameworks */ = {
			isa = PBXFrameworksBuildPhase;
			buildActionMask = 2147483647;
			files = (
			);
			runOnlyForDeploymentPostprocessing = 0;
		};
		4F02CFD32C83486F005E3642 /* Frameworks */ = {
			isa = PBXFrameworksBuildPhase;
			buildActionMask = 2147483647;
			files = (
			);
			runOnlyForDeploymentPostprocessing = 0;
		};
		4F02CFDE2C8359D7005E3642 /* Frameworks */ = {
			isa = PBXFrameworksBuildPhase;
			buildActionMask = 2147483647;
			files = (
			);
			runOnlyForDeploymentPostprocessing = 0;
		};
/* End PBXFrameworksBuildPhase section */

/* Begin PBXGroup section */
		4F02CFB42C83480E005E3642 = {
			isa = PBXGroup;
			children = (
				4F02CFBF2C83480E005E3642 /* HelloPtrace */,
				4F02CFCC2C83485C005E3642 /* simple_tracer */,
				4F02CFD72C83486F005E3642 /* traced_helloworld */,
				4F02CFE22C8359D7005E3642 /* trace_pid */,
				4F02CFBE2C83480E005E3642 /* Products */,
			);
			sourceTree = "<group>";
		};
		4F02CFBE2C83480E005E3642 /* Products */ = {
			isa = PBXGroup;
			children = (
				4F02CFBD2C83480E005E3642 /* HelloPtrace */,
				4F02CFCB2C83485C005E3642 /* simple_tracer */,
				4F02CFD62C83486F005E3642 /* traced_helloworld */,
				4F02CFE12C8359D7005E3642 /* trace_pid */,
			);
			name = Products;
			sourceTree = "<group>";
		};
		4F02CFBF2C83480E005E3642 /* HelloPtrace */ = {
			isa = PBXGroup;
			children = (
				4F02CFC02C83480E005E3642 /* main.c */,
			);
			path = HelloPtrace;
			sourceTree = "<group>";
		};
		4F02CFCC2C83485C005E3642 /* simple_tracer */ = {
			isa = PBXGroup;
			children = (
				4F02CFCD2C83485C005E3642 /* main.c */,
			);
			path = simple_tracer;
			sourceTree = "<group>";
		};
		4F02CFD72C83486F005E3642 /* traced_helloworld */ = {
			isa = PBXGroup;
			children = (
				4F02CFD82C83486F005E3642 /* main.c */,
			);
			path = traced_helloworld;
			sourceTree = "<group>";
		};
		4F02CFE22C8359D7005E3642 /* trace_pid */ = {
			isa = PBXGroup;
			children = (
				4F02CFE32C8359D7005E3642 /* main.c */,
			);
			path = trace_pid;
			sourceTree = "<group>";
		};
/* End PBXGroup section */

/* Begin PBXNativeTarget section */
		4F02CFBC2C83480E005E3642 /* HelloPtrace */ = {
			isa = PBXNativeTarget;
			buildConfigurationList = 4F02CFC42C83480E005E3642 /* Build configuration list for PBXNativeTarget "HelloPtrace" */;
			buildPhases = (
				4F02CFB92C83480E005E3642 /* Sources */,
				4F02CFBA2C83480E005E3642 /* Frameworks */,
				4F02CFBB2C83480E005E3642 /* CopyFiles */,
			);
			buildRules = (
			);
			dependencies = (
			);
			name = HelloPtrace;
			productName = HelloPtrace;
			productReference = 4F02CFBD2C83480E005E3642 /* HelloPtrace */;
			productType = "com.apple.product-type.tool";
		};
		4F02CFCA2C83485C005E3642 /* simple_tracer */ = {
			isa = PBXNativeTarget;
			buildConfigurationList = 4F02CFCF2C83485C005E3642 /* Build configuration list for PBXNativeTarget "simple_tracer" */;
			buildPhases = (
				4F02CFC72C83485C005E3642 /* Sources */,
				4F02CFC82C83485C005E3642 /* Frameworks */,
				4F02CFC92C83485C005E3642 /* CopyFiles */,
			);
			buildRules = (
			);
			dependencies = (
			);
			name = simple_tracer;
			productName = simple_tracer;
			productReference = 4F02CFCB2C83485C005E3642 /* simple_tracer */;
			productType = "com.apple.product-type.tool";
		};
		4F02CFD52C83486F005E3642 /* traced_helloworld */ = {
			isa = PBXNativeTarget;
			buildConfigurationList = 4F02CFDA2C83486F005E3642 /* Build configuration list for PBXNativeTarget "traced_helloworld" */;
			buildPhases = (
				4F02CFD22C83486F005E3642 /* Sources */,
				4F02CFD32C83486F005E3642 /* Frameworks */,
				4F02CFD42C83486F005E3642 /* CopyFiles */,
			);
			buildRules = (
			);
			dependencies = (
			);
			name = traced_helloworld;
			productName = traced_helloworld;
			productReference = 4F02CFD62C83486F005E3642 /* traced_helloworld */;
			productType = "com.apple.product-type.tool";
		};
		4F02CFE02C8359D7005E3642 /* trace_pid */ = {
			isa = PBXNativeTarget;
			buildConfigurationList = 4F02CFE52C8359D7005E3642 /* Build configuration list for PBXNativeTarget "trace_pid" */;
			buildPhases = (
				4F02CFDD2C8359D7005E3642 /* Sources */,
				4F02CFDE2C8359D7005E3642 /* Frameworks */,
				4F02CFDF2C8359D7005E3642 /* CopyFiles */,
			);
			buildRules = (
			);
			dependencies = (
			);
			name = trace_pid;
			productName = trace_pid;
			productReference = 4F02CFE12C8359D7005E3642 /* trace_pid */;
			productType = "com.apple.product-type.tool";
		};
/* End PBXNativeTarget section */

/* Begin PBXProject section */
		4F02CFB52C83480E005E3642 /* Project object */ = {
			isa = PBXProject;
			attributes = {
				BuildIndependentTargetsInParallel = 1;
				LastUpgradeCheck = 1540;
				TargetAttributes = {
					4F02CFBC2C83480E005E3642 = {
						CreatedOnToolsVersion = 15.4;
					};
					4F02CFCA2C83485C005E3642 = {
						CreatedOnToolsVersion = 15.4;
					};
					4F02CFD52C83486F005E3642 = {
						CreatedOnToolsVersion = 15.4;
					};
					4F02CFE02C8359D7005E3642 = {
						CreatedOnToolsVersion = 15.4;
					};
				};
			};
			buildConfigurationList = 4F02CFB82C83480E005E3642 /* Build configuration list for PBXProject "HelloPtrace" */;
			compatibilityVersion = "Xcode 14.0";
			developmentRegion = en;
			hasScannedForEncodings = 0;
			knownRegions = (
				en,
				Base,
			);
			mainGroup = 4F02CFB42C83480E005E3642;
			productRefGroup = 4F02CFBE2C83480E005E3642 /* Products */;
			projectDirPath = "";
			projectRoot = "";
			targets = (
				4F02CFBC2C83480E005E3642 /* HelloPtrace */,
				4F02CFCA2C83485C005E3642 /* simple_tracer */,
				4F02CFD52C83486F005E3642 /* traced_helloworld */,
				4F02CFE02C8359D7005E3642 /* trace_pid */,
			);
		};
/* End PBXProject section */

/* Begin PBXSourcesBuildPhase section */
		4F02CFB92C83480E005E3642 /* Sources */ = {
			isa = PBXSourcesBuildPhase;
			buildActionMask = 2147483647;
			files = (
				4F02CFC12C83480E005E3642 /* main.c in Sources */,
			);
			runOnlyForDeploymentPostprocessing = 0;
		};
		4F02CFC72C83485C005E3642 /* Sources */ = {
			isa = PBXSourcesBuildPhase;
			buildActionMask = 2147483647;
			files = (
				4F02CFCE2C83485C005E3642 /* main.c in Sources */,
			);
			runOnlyForDeploymentPostprocessing = 0;
		};
		4F02CFD22C83486F005E3642 /* Sources */ = {
			isa = PBXSourcesBuildPhase;
			buildActionMask = 2147483647;
			files = (
				4F02CFD92C83486F005E3642 /* main.c in Sources */,
			);
			runOnlyForDeploymentPostprocessing = 0;
		};
		4F02CFDD2C8359D7005E3642 /* Sources */ = {
			isa = PBXSourcesBuildPhase;
			buildActionMask = 2147483647;
			files = (
				4F02CFE42C8359D7005E3642 /* main.c in Sources */,
			);
			runOnlyForDeploymentPostprocessing = 0;
		};
/* End PBXSourcesBuildPhase section */

/* Begin XCBuildConfiguration section */
		4F02CFC22C83480E005E3642 /* Debug */ = {
			isa = XCBuildConfiguration;
			buildSettings = {
				ALWAYS_SEARCH_USER_PATHS = NO;
				ASSETCATALOG_COMPILER_GENERATE_SWIFT_ASSET_SYMBOL_EXTENSIONS = YES;
				CLANG_ANALYZER_NONNULL = YES;
				CLANG_ANALYZER_NUMBER_OBJECT_CONVERSION = YES_AGGRESSIVE;
				CLANG_CXX_LANGUAGE_STANDARD = "gnu++20";
				CLANG_ENABLE_MODULES = YES;
				CLANG_ENABLE_OBJC_ARC = YES;
				CLANG_ENABLE_OBJC_WEAK = YES;
				CLANG_WARN_BLOCK_CAPTURE_AUTORELEASING = YES;
				CLANG_WARN_BOOL_CONVERSION = YES;
				CLANG_WARN_COMMA = YES;
				CLANG_WARN_CONSTANT_CONVERSION = YES;
				CLANG_WARN_DEPRECATED_OBJC_IMPLEMENTATIONS = YES;
				CLANG_WARN_DIRECT_OBJC_ISA_USAGE = YES_ERROR;
				CLANG_WARN_DOCUMENTATION_COMMENTS = YES;
				CLANG_WARN_EMPTY_BODY = YES;
				CLANG_WARN_ENUM_CONVERSION = YES;
				CLANG_WARN_INFINITE_RECURSION = YES;
				CLANG_WARN_INT_CONVERSION = YES;
				CLANG_WARN_NON_LITERAL_NULL_CONVERSION = YES;
				CLANG_WARN_OBJC_IMPLICIT_RETAIN_SELF = YES;
				CLANG_WARN_OBJC_LITERAL_CONVERSION = YES;
				CLANG_WARN_OBJC_ROOT_CLASS = YES_ERROR;
				CLANG_WARN_QUOTED_INCLUDE_IN_FRAMEWORK_HEADER = YES;
				CLANG_WARN_RANGE_LOOP_ANALYSIS = YES;
				CLANG_WARN_STRICT_PROTOTYPES = YES;
				CLANG_WARN_SUSPICIOUS_MOVE = YES;
				CLANG_WARN_UNGUARDED_AVAILABILITY = YES_AGGRESSIVE;
				CLANG_WARN_UNREACHABLE_CODE = YES;
				CLANG_WARN__DUPLICATE_METHOD_MATCH = YES;
				COPY_PHASE_STRIP = NO;
				DEBUG_INFORMATION_FORMAT = dwarf;
				ENABLE_STRICT_OBJC_MSGSEND = YES;
				ENABLE_TESTABILITY = YES;
				ENABLE_USER_SCRIPT_SANDBOXING = YES;
				GCC_C_LANGUAGE_STANDARD = gnu17;
				GCC_DYNAMIC_NO_PIC = NO;
				GCC_NO_COMMON_BLOCKS = YES;
				GCC_OPTIMIZATION_LEVEL = 0;
				GCC_PREPROCESSOR_DEFINITIONS = (
					"DEBUG=1",
					"$(inherited)",
				);
				GCC_WARN_64_TO_32_BIT_CONVERSION = YES;
				GCC_WARN_ABOUT_RETURN_TYPE = YES_ERROR;
				GCC_WARN_UNDECLARED_SELECTOR = YES;
				GCC_WARN_UNINITIALIZED_AUTOS = YES_AGGRESSIVE;
				GCC_WARN_UNUSED_FUNCTION = YES;
				GCC_WARN_UNUSED_VARIABLE = YES;
				LOCALIZATION_PREFERS_STRING_CATALOGS = YES;
				MACOSX_DEPLOYMENT_TARGET = 10.13;
				MTL_ENABLE_DEBUG_INFO = INCLUDE_SOURCE;
				MTL_FAST_MATH = YES;
				ONLY_ACTIVE_ARCH = YES;
				SDKROOT = macosx;
			};
			name = Debug;
		};
		4F02CFC32C83480E005E3642 /* Release */ = {
			isa = XCBuildConfiguration;
			buildSettings = {
				ALWAYS_SEARCH_USER_PATHS = NO;
				ASSETCATALOG_COMPILER_GENERATE_SWIFT_ASSET_SYMBOL_EXTENSIONS = YES;
				CLANG_ANALYZER_NONNULL = YES;
				CLANG_ANALYZER_NUMBER_OBJECT_CONVERSION = YES_AGGRESSIVE;
				CLANG_CXX_LANGUAGE_STANDARD = "gnu++20";
				CLANG_ENABLE_MODULES = YES;
				CLANG_ENABLE_OBJC_ARC = YES;
				CLANG_ENABLE_OBJC_WEAK = YES;
				CLANG_WARN_BLOCK_CAPTURE_AUTORELEASING = YES;
				CLANG_WARN_BOOL_CONVERSION = YES;
				CLANG_WARN_COMMA = YES;
				CLANG_WARN_CONSTANT_CONVERSION = YES;
				CLANG_WARN_DEPRECATED_OBJC_IMPLEMENTATIONS = YES;
				CLANG_WARN_DIRECT_OBJC_ISA_USAGE = YES_ERROR;
				CLANG_WARN_DOCUMENTATION_COMMENTS = YES;
				CLANG_WARN_EMPTY_BODY = YES;
				CLANG_WARN_ENUM_CONVERSION = YES;
				CLANG_WARN_INFINITE_RECURSION = YES;
				CLANG_WARN_INT_CONVERSION = YES;
				CLANG_WARN_NON_LITERAL_NULL_CONVERSION = YES;
				CLANG_WARN_OBJC_IMPLICIT_RETAIN_SELF = YES;
				CLANG_WARN_OBJC_LITERAL_CONVERSION = YES;
				CLANG_WARN_OBJC_ROOT_CLASS = YES_ERROR;
				CLANG_WARN_QUOTED_INCLUDE_IN_FRAMEWORK_HEADER = YES;
				CLANG_WARN_RANGE_LOOP_ANALYSIS = YES;
				CLANG_WARN_STRICT_PROTOTYPES = YES;
				CLANG_WARN_SUSPICIOUS_MOVE = YES;
				CLANG_WARN_UNGUARDED_AVAILABILITY = YES_AGGRESSIVE;
				CLANG_WARN_UNREACHABLE_CODE = YES;
				CLANG_WARN__DUPLICATE_METHOD_MATCH = YES;
				COPY_PHASE_STRIP = NO;
				DEBUG_INFORMATION_FORMAT = "dwarf-with-dsym";
				ENABLE_NS_ASSERTIONS = NO;
				ENABLE_STRICT_OBJC_MSGSEND = YES;
				ENABLE_USER_SCRIPT_SANDBOXING = YES;
				GCC_C_LANGUAGE_STANDARD = gnu17;
				GCC_NO_COMMON_BLOCKS = YES;
				GCC_WARN_64_TO_32_BIT_CONVERSION = YES;
				GCC_WARN_ABOUT_RETURN_TYPE = YES_ERROR;
				GCC_WARN_UNDECLARED_SELECTOR = YES;
				GCC_WARN_UNINITIALIZED_AUTOS = YES_AGGRESSIVE;
				GCC_WARN_UNUSED_FUNCTION = YES;
				GCC_WARN_UNUSED_VARIABLE = YES;
				LOCALIZATION_PREFERS_STRING_CATALOGS = YES;
				MACOSX_DEPLOYMENT_TARGET = 10.13;
				MTL_ENABLE_DEBUG_INFO = NO;
				MTL_FAST_MATH = YES;
				SDKROOT = macosx;
			};
			name = Release;
		};
		4F02CFC52C83480E005E3642 /* Debug */ = {
			isa = XCBuildConfiguration;
			buildSettings = {
				CODE_SIGN_STYLE = Automatic;
				PRODUCT_NAME = "$(TARGET_NAME)";
			};
			name = Debug;
		};
		4F02CFC62C83480E005E3642 /* Release */ = {
			isa = XCBuildConfiguration;
			buildSettings = {
				CODE_SIGN_STYLE = Automatic;
				PRODUCT_NAME = "$(TARGET_NAME)";
			};
			name = Release;
		};
		4F02CFD02C83485C005E3642 /* Debug */ = {
			isa = XCBuildConfiguration;
			buildSettings = {
				CODE_SIGN_STYLE = Automatic;
				PRODUCT_NAME = "$(TARGET_NAME)";
			};
			name = Debug;
		};
		4F02CFD12C83485C005E3642 /* Release */ = {
			isa = XCBuildConfiguration;
			buildSettings = {
				CODE_SIGN_STYLE = Automatic;
				PRODUCT_NAME = "$(TARGET_NAME)";
			};
			name = Release;
		};
		4F02CFDB2C83486F005E3642 /* Debug */ = {
			isa = XCBuildConfiguration;
			buildSettings = {
				CODE_SIGN_STYLE = Automatic;
				PRODUCT_NAME = "$(TARGET_NAME)";
			};
			name = Debug;
		};
		4F02CFDC2C83486F005E3642 /* Release */ = {
			isa = XCBuildConfiguration;
			buildSettings = {
				CODE_SIGN_STYLE = Automatic;
				PRODUCT_NAME = "$(TARGET_NAME)";
			};
			name = Release;
		};
		4F02CFE62C8359D7005E3642 /* Debug */ = {
			isa = XCBuildConfiguration;
			buildSettings = {
				CODE_SIGN_STYLE = Automatic;
				MACOSX_DEPLOYMENT_TARGET = 14.5;
				PRODUCT_NAME = "$(TARGET_NAME)";
			};
			name = Debug;
		};
		4F02CFE72C8359D7005E3642 /* Release */ = {
			isa = XCBuildConfiguration;
			buildSettings = {
				CODE_SIGN_STYLE = Automatic;
				MACOSX_DEPLOYMENT_TARGET = 14.5;
				PRODUCT_NAME = "$(TARGET_NAME)";
			};
			name = Release;
		};
/* End XCBuildConfiguration section */

/* Begin XCConfigurationList section */
		4F02CFB82C83480E005E3642 /* Build configuration list for PBXProject "HelloPtrace" */ = {
			isa = XCConfigurationList;
			buildConfigurations = (
				4F02CFC22C83480E005E3642 /* Debug */,
				4F02CFC32C83480E005E3642 /* Release */,
			);
			defaultConfigurationIsVisible = 0;
			defaultConfigurationName = Release;
		};
		4F02CFC42C83480E005E3642 /* Build configuration list for PBXNativeTarget "HelloPtrace" */ = {
			isa = XCConfigurationList;
			buildConfigurations = (
				4F02CFC52C83480E005E3642 /* Debug */,
				4F02CFC62C83480E005E3642 /* Release */,
			);
			defaultConfigurationIsVisible = 0;
			defaultConfigurationName = Release;
		};
		4F02CFCF2C83485C005E3642 /* Build configuration list for PBXNativeTarget "simple_tracer" */ = {
			isa = XCConfigurationList;
			buildConfigurations = (
				4F02CFD02C83485C005E3642 /* Debug */,
				4F02CFD12C83485C005E3642 /* Release */,
			);
			defaultConfigurationIsVisible = 0;
			defaultConfigurationName = Release;
		};
		4F02CFDA2C83486F005E3642 /* Build configuration list for PBXNativeTarget "traced_helloworld" */ = {
			isa = XCConfigurationList;
			buildConfigurations = (
				4F02CFDB2C83486F005E3642 /* Debug */,
				4F02CFDC2C83486F005E3642 /* Release */,
			);
			defaultConfigurationIsVisible = 0;
			defaultConfigurationName = Release;
		};
		4F02CFE52C8359D7005E3642 /* Build configuration list for PBXNativeTarget "trace_pid" */ = {
			isa = XCConfigurationList;
			buildConfigurations = (
				4F02CFE62C8359D7005E3642 /* Debug */,
				4F02CFE72C8359D7005E3642 /* Release */,
			);
			defaultConfigurationIsVisible = 0;
			defaultConfigurationName = Release;
		};
/* End XCConfigurationList section */
	};
	rootObject = 4F02CFB52C83480E005E3642 /* Project object */;
}
